
Microsoft Visual Studio Solution File, Format Version 11.00
# Visual Studio 2010
Project("{FAE04EC0-301F-11D3-BF4B-00C04F79EFBC}") = "iSmartOASPro", "iSmartOASPro\iSmartOASPro.csproj", "{DBF578FA-BE80-45B2-BEDB-29A80A38E012}"
EndProject
Project("{FAE04EC0-301F-11D3-BF4B-00C04F79EFBC}") = "DAL", "DAL\DAL.csproj", "{95C50D36-3CBD-4999-BC7F-4CED604740C7}"
EndProject
Project("{FAE04EC0-301F-11D3-BF4B-00C04F79EFBC}") = "Models", "Models\Models.csproj", "{569973D4-4D29-4181-BABE-AE1CB03FF9A3}"
EndProject
Global
	GlobalSection(SolutionConfigurationPlatforms) = preSolution
		Debug|Any CPU = Debug|Any CPU
		Debug|Mixed Platforms = Debug|Mixed Platforms
		Debug|x86 = Debug|x86
		Release|Any CPU = Release|Any CPU
		Release|Mixed Platforms = Release|Mixed Platforms
		Release|x86 = Release|x86
	EndGlobalSection
	GlobalSection(ProjectConfigurationPlatforms) = postSolution
		{DBF578FA-BE80-45B2-BEDB-29A80A38E012}.Debug|Any CPU.ActiveCfg = Debug|x86
		{DBF578FA-BE80-45B2-BEDB-29A80A38E012}.Debug|Mixed Platforms.ActiveCfg = Debug|x86
		{DBF578FA-BE80-45B2-BEDB-29A80A38E012}.Debug|Mixed Platforms.Build.0 = Debug|x86
		{DBF578FA-BE80-45B2-BEDB-29A80A38E012}.Debug|x86.ActiveCfg = Debug|x86
		{DBF578FA-BE80-45B2-BEDB-29A80A38E012}.Debug|x86.Build.0 = Debug|x86
		{DBF578FA-BE80-45B2-BEDB-29A80A38E012}.Release|Any CPU.ActiveCfg = Release|x86
		{DBF578FA-BE80-45B2-BEDB-29A80A38E012}.Release|Mixed Platforms.ActiveCfg = Release|x86
		{DBF578FA-BE80-45B2-BEDB-29A80A38E012}.Release|Mixed Platforms.Build.0 = Release|x86
		{DBF578FA-BE80-45B2-BEDB-29A80A38E012}.Release|x86.ActiveCfg = Release|x86
		{DBF578FA-BE80-45B2-BEDB-29A80A38E012}.Release|x86.Build.0 = Release|x86
		{95C50D36-3CBD-4999-BC7F-4CED604740C7}.Debug|Any CPU.ActiveCfg = Debug|Any CPU
		{95C50D36-3CBD-4999-BC7F-4CED604740C7}.Debug|Any CPU.Build.0 = Debug|Any CPU
		{95C50D36-3CBD-4999-BC7F-4CED604740C7}.Debug|Mixed Platforms.ActiveCfg = Debug|Any CPU
		{95C50D36-3CBD-4999-BC7F-4CED604740C7}.Debug|Mixed Platforms.Build.0 = Debug|Any CPU
		{95C50D36-3CBD-4999-BC7F-4CED604740C7}.Debug|x86.ActiveCfg = Debug|Any CPU
		{95C50D36-3CBD-4999-BC7F-4CED604740C7}.Release|Any CPU.ActiveCfg = Release|Any CPU
		{95C50D36-3CBD-4999-BC7F-4CED604740C7}.Release|Any CPU.Build.0 = Release|Any CPU
		{95C50D36-3CBD-4999-BC7F-4CED604740C7}.Release|Mixed Platforms.ActiveCfg = Release|Any CPU
		{95C50D36-3CBD-4999-BC7F-4CED604740C7}.Release|Mixed Platforms.Build.0 = Release|Any CPU
		{95C50D36-3CBD-4999-BC7F-4CED604740C7}.Release|x86.ActiveCfg = Release|Any CPU
		{569973D4-4D29-4181-BABE-AE1CB03FF9A3}.Debug|Any CPU.ActiveCfg = Debug|Any CPU
		{569973D4-4D29-4181-BABE-AE1CB03FF9A3}.Debug|Any CPU.Build.0 = Debug|Any CPU
		{569973D4-4D29-4181-BABE-AE1CB03FF9A3}.Debug|Mixed Platforms.ActiveCfg = Debug|Any CPU
		{569973D4-4D29-4181-BABE-AE1CB03FF9A3}.Debug|Mixed Platforms.Build.0 = Debug|Any CPU
		{569973D4-4D29-4181-BABE-AE1CB03FF9A3}.Debug|x86.ActiveCfg = Debug|Any CPU
		{569973D4-4D29-4181-BABE-AE1CB03FF9A3}.Release|Any CPU.ActiveCfg = Release|Any CPU
		{569973D4-4D29-4181-BABE-AE1CB03FF9A3}.Release|Any CPU.Build.0 = Release|Any CPU
		{569973D4-4D29-4181-BABE-AE1CB03FF9A3}.Release|Mixed Platforms.ActiveCfg = Release|Any CPU
		{569973D4-4D29-4181-BABE-AE1CB03FF9A3}.Release|Mixed Platforms.Build.0 = Release|Any CPU
		{569973D4-4D29-4181-BABE-AE1CB03FF9A3}.Release|x86.ActiveCfg = Release|Any CPU
	EndGlobalSection
	GlobalSection(SolutionProperties) = preSolution
		HideSolutionNode = FALSE
	EndGlobalSection
EndGlobal
